{
  "version": 4,
  "terraform_version": "1.1.6",
  "serial": 13,
  "lineage": "72fa8c8e-abd5-58f3-a6a6-426a278de2a0",
  "outputs": {
    "ips": {
      "value": [
        [
          "192.168.122.90"
        ],
        [
          "192.168.122.91"
        ],
        [
          "192.168.122.92"
        ],
        [
          "192.168.122.93"
        ]
      ],
      "type": [
        "tuple",
        [
          [
            "list",
            "string"
          ],
          [
            "list",
            "string"
          ],
          [
            "list",
            "string"
          ],
          [
            "list",
            "string"
          ]
        ]
      ]
    }
  },
  "resources": [
    {
      "mode": "data",
      "type": "template_file",
      "name": "network_config",
      "provider": "provider[\"registry.terraform.io/hashicorp/template\"]",
      "instances": [
        {
          "schema_version": 0,
          "attributes": {
            "filename": null,
            "id": "bab5ced171f7c6bc719691e20e79e3e2b135f9ca6bb9a5014e9aaec3011806a8",
            "rendered": "version: 2\nethernets:\n  ens3:\n     dhcp4: true\n",
            "template": "version: 2\nethernets:\n  ens3:\n     dhcp4: true\n",
            "vars": null
          },
          "sensitive_attributes": []
        }
      ]
    },
    {
      "mode": "data",
      "type": "template_file",
      "name": "user_data",
      "provider": "provider[\"registry.terraform.io/hashicorp/template\"]",
      "instances": [
        {
          "index_key": 0,
          "schema_version": 0,
          "attributes": {
            "filename": null,
            "id": "d95c134a734dcf8b475879ce4e6d9e34d8ad33e6581e33df5e18bda195b2b42d",
            "rendered": "#cloud-config\n\nmanage_etc_hosts: true\nusers:\n  - name: emrah\n    sudo: ALL=(ALL) NOPASSWD:ALL\n    groups: users, admin\n    home: /home/ubuntu\n    shell: /bin/bash\n    lock_passwd: false\n    ssh-authorized-keys:\n      - ssh-rsa AAAAB3NzaC1yc2EAAAADAQABAAABgQDbIWuRpy7lc4Rh+9r2Zq2xshtaUtYUaf/aesMnz0EDy55/PUKRYew2ODfddX7d4xmrUS0UrwhexOyJ7Pm+s2wZWHpAFXTyTJgM3MKU+xbAp66+u0SrtnbvMZydrDmHCuchl2CkMU22fMmTS/8KUSDL0bA7y474Iq8POUBC9hWDCjJPN61yXnwdFfZkFaB0dRlucjLrj70HUvNe5fc1Tx/e5hBXq9583a6UJ8KfXjnMD1rPQj2amHkDWR72DdVhm595k15+Cr4s6KQEq8jtiD7x0+7CtVtAVJ7YH5vHtXWfoRuJ7B30WT4C1XjUe+ujjoj9NCTDBH2+zfKgPgjz3wp1JOdZDNwpiz8VePX33EF4qQVfBmR/VNb3BAR4bMyVIYIbziXJOyWi/1L1bPRP7AjFe0wWK2t9nToCf+GvDLLk2JxrH5bZVuOwUmMz1UXzeyou4HWQzCgTy6oo6fWd52WWarzrpVApOGLUC9MvG3503Sje5uwIVqav6ehyEj2iT68= emrah@emrah-TUF\n\n\n# only cert auth via ssh (console access can still login)\nssh_pwauth: false\ndisable_root: false\nchpasswd:\n  list: |\n     ubuntu:linux\n  expire: False\n  \n#run apt upgrade\npackage_update: true\npackage_upgrade: true\n\n# test of writing content\nwrite_files:\n  - content: |\n      The quick brown fox jumped \n      over the lazy dog\n    path: /root/test.txt\n\n# written to /var/log/cloud-init-output.log\nfinal_message: \"The system is finall up, after $UPTIME seconds\"\n",
            "template": "#cloud-config\n\nmanage_etc_hosts: true\nusers:\n  - name: emrah\n    sudo: ALL=(ALL) NOPASSWD:ALL\n    groups: users, admin\n    home: /home/ubuntu\n    shell: /bin/bash\n    lock_passwd: false\n    ssh-authorized-keys:\n      - ${file(\"/home/emrah/.ssh/id_rsa.pub\")}\n\n# only cert auth via ssh (console access can still login)\nssh_pwauth: false\ndisable_root: false\nchpasswd:\n  list: |\n     ubuntu:linux\n  expire: False\n  \n#run apt upgrade\npackage_update: true\npackage_upgrade: true\n\n# test of writing content\nwrite_files:\n  - content: |\n      The quick brown fox jumped \n      over the lazy dog\n    path: /root/test.txt\n\n# written to /var/log/cloud-init-output.log\nfinal_message: \"The system is finall up, after $UPTIME seconds\"\n",
            "vars": {
              "fqdn": "rke2lb.lcw.dev",
              "hostname": "rke2lb"
            }
          },
          "sensitive_attributes": []
        },
        {
          "index_key": 1,
          "schema_version": 0,
          "attributes": {
            "filename": null,
            "id": "d95c134a734dcf8b475879ce4e6d9e34d8ad33e6581e33df5e18bda195b2b42d",
            "rendered": "#cloud-config\n\nmanage_etc_hosts: true\nusers:\n  - name: emrah\n    sudo: ALL=(ALL) NOPASSWD:ALL\n    groups: users, admin\n    home: /home/ubuntu\n    shell: /bin/bash\n    lock_passwd: false\n    ssh-authorized-keys:\n      - ssh-rsa AAAAB3NzaC1yc2EAAAADAQABAAABgQDbIWuRpy7lc4Rh+9r2Zq2xshtaUtYUaf/aesMnz0EDy55/PUKRYew2ODfddX7d4xmrUS0UrwhexOyJ7Pm+s2wZWHpAFXTyTJgM3MKU+xbAp66+u0SrtnbvMZydrDmHCuchl2CkMU22fMmTS/8KUSDL0bA7y474Iq8POUBC9hWDCjJPN61yXnwdFfZkFaB0dRlucjLrj70HUvNe5fc1Tx/e5hBXq9583a6UJ8KfXjnMD1rPQj2amHkDWR72DdVhm595k15+Cr4s6KQEq8jtiD7x0+7CtVtAVJ7YH5vHtXWfoRuJ7B30WT4C1XjUe+ujjoj9NCTDBH2+zfKgPgjz3wp1JOdZDNwpiz8VePX33EF4qQVfBmR/VNb3BAR4bMyVIYIbziXJOyWi/1L1bPRP7AjFe0wWK2t9nToCf+GvDLLk2JxrH5bZVuOwUmMz1UXzeyou4HWQzCgTy6oo6fWd52WWarzrpVApOGLUC9MvG3503Sje5uwIVqav6ehyEj2iT68= emrah@emrah-TUF\n\n\n# only cert auth via ssh (console access can still login)\nssh_pwauth: false\ndisable_root: false\nchpasswd:\n  list: |\n     ubuntu:linux\n  expire: False\n  \n#run apt upgrade\npackage_update: true\npackage_upgrade: true\n\n# test of writing content\nwrite_files:\n  - content: |\n      The quick brown fox jumped \n      over the lazy dog\n    path: /root/test.txt\n\n# written to /var/log/cloud-init-output.log\nfinal_message: \"The system is finall up, after $UPTIME seconds\"\n",
            "template": "#cloud-config\n\nmanage_etc_hosts: true\nusers:\n  - name: emrah\n    sudo: ALL=(ALL) NOPASSWD:ALL\n    groups: users, admin\n    home: /home/ubuntu\n    shell: /bin/bash\n    lock_passwd: false\n    ssh-authorized-keys:\n      - ${file(\"/home/emrah/.ssh/id_rsa.pub\")}\n\n# only cert auth via ssh (console access can still login)\nssh_pwauth: false\ndisable_root: false\nchpasswd:\n  list: |\n     ubuntu:linux\n  expire: False\n  \n#run apt upgrade\npackage_update: true\npackage_upgrade: true\n\n# test of writing content\nwrite_files:\n  - content: |\n      The quick brown fox jumped \n      over the lazy dog\n    path: /root/test.txt\n\n# written to /var/log/cloud-init-output.log\nfinal_message: \"The system is finall up, after $UPTIME seconds\"\n",
            "vars": {
              "fqdn": "rke2master.lcw.dev",
              "hostname": "rke2master"
            }
          },
          "sensitive_attributes": []
        },
        {
          "index_key": 2,
          "schema_version": 0,
          "attributes": {
            "filename": null,
            "id": "d95c134a734dcf8b475879ce4e6d9e34d8ad33e6581e33df5e18bda195b2b42d",
            "rendered": "#cloud-config\n\nmanage_etc_hosts: true\nusers:\n  - name: emrah\n    sudo: ALL=(ALL) NOPASSWD:ALL\n    groups: users, admin\n    home: /home/ubuntu\n    shell: /bin/bash\n    lock_passwd: false\n    ssh-authorized-keys:\n      - ssh-rsa AAAAB3NzaC1yc2EAAAADAQABAAABgQDbIWuRpy7lc4Rh+9r2Zq2xshtaUtYUaf/aesMnz0EDy55/PUKRYew2ODfddX7d4xmrUS0UrwhexOyJ7Pm+s2wZWHpAFXTyTJgM3MKU+xbAp66+u0SrtnbvMZydrDmHCuchl2CkMU22fMmTS/8KUSDL0bA7y474Iq8POUBC9hWDCjJPN61yXnwdFfZkFaB0dRlucjLrj70HUvNe5fc1Tx/e5hBXq9583a6UJ8KfXjnMD1rPQj2amHkDWR72DdVhm595k15+Cr4s6KQEq8jtiD7x0+7CtVtAVJ7YH5vHtXWfoRuJ7B30WT4C1XjUe+ujjoj9NCTDBH2+zfKgPgjz3wp1JOdZDNwpiz8VePX33EF4qQVfBmR/VNb3BAR4bMyVIYIbziXJOyWi/1L1bPRP7AjFe0wWK2t9nToCf+GvDLLk2JxrH5bZVuOwUmMz1UXzeyou4HWQzCgTy6oo6fWd52WWarzrpVApOGLUC9MvG3503Sje5uwIVqav6ehyEj2iT68= emrah@emrah-TUF\n\n\n# only cert auth via ssh (console access can still login)\nssh_pwauth: false\ndisable_root: false\nchpasswd:\n  list: |\n     ubuntu:linux\n  expire: False\n  \n#run apt upgrade\npackage_update: true\npackage_upgrade: true\n\n# test of writing content\nwrite_files:\n  - content: |\n      The quick brown fox jumped \n      over the lazy dog\n    path: /root/test.txt\n\n# written to /var/log/cloud-init-output.log\nfinal_message: \"The system is finall up, after $UPTIME seconds\"\n",
            "template": "#cloud-config\n\nmanage_etc_hosts: true\nusers:\n  - name: emrah\n    sudo: ALL=(ALL) NOPASSWD:ALL\n    groups: users, admin\n    home: /home/ubuntu\n    shell: /bin/bash\n    lock_passwd: false\n    ssh-authorized-keys:\n      - ${file(\"/home/emrah/.ssh/id_rsa.pub\")}\n\n# only cert auth via ssh (console access can still login)\nssh_pwauth: false\ndisable_root: false\nchpasswd:\n  list: |\n     ubuntu:linux\n  expire: False\n  \n#run apt upgrade\npackage_update: true\npackage_upgrade: true\n\n# test of writing content\nwrite_files:\n  - content: |\n      The quick brown fox jumped \n      over the lazy dog\n    path: /root/test.txt\n\n# written to /var/log/cloud-init-output.log\nfinal_message: \"The system is finall up, after $UPTIME seconds\"\n",
            "vars": {
              "fqdn": "rke2worker1.lcw.dev",
              "hostname": "rke2worker1"
            }
          },
          "sensitive_attributes": []
        },
        {
          "index_key": 3,
          "schema_version": 0,
          "attributes": {
            "filename": null,
            "id": "d95c134a734dcf8b475879ce4e6d9e34d8ad33e6581e33df5e18bda195b2b42d",
            "rendered": "#cloud-config\n\nmanage_etc_hosts: true\nusers:\n  - name: emrah\n    sudo: ALL=(ALL) NOPASSWD:ALL\n    groups: users, admin\n    home: /home/ubuntu\n    shell: /bin/bash\n    lock_passwd: false\n    ssh-authorized-keys:\n      - ssh-rsa AAAAB3NzaC1yc2EAAAADAQABAAABgQDbIWuRpy7lc4Rh+9r2Zq2xshtaUtYUaf/aesMnz0EDy55/PUKRYew2ODfddX7d4xmrUS0UrwhexOyJ7Pm+s2wZWHpAFXTyTJgM3MKU+xbAp66+u0SrtnbvMZydrDmHCuchl2CkMU22fMmTS/8KUSDL0bA7y474Iq8POUBC9hWDCjJPN61yXnwdFfZkFaB0dRlucjLrj70HUvNe5fc1Tx/e5hBXq9583a6UJ8KfXjnMD1rPQj2amHkDWR72DdVhm595k15+Cr4s6KQEq8jtiD7x0+7CtVtAVJ7YH5vHtXWfoRuJ7B30WT4C1XjUe+ujjoj9NCTDBH2+zfKgPgjz3wp1JOdZDNwpiz8VePX33EF4qQVfBmR/VNb3BAR4bMyVIYIbziXJOyWi/1L1bPRP7AjFe0wWK2t9nToCf+GvDLLk2JxrH5bZVuOwUmMz1UXzeyou4HWQzCgTy6oo6fWd52WWarzrpVApOGLUC9MvG3503Sje5uwIVqav6ehyEj2iT68= emrah@emrah-TUF\n\n\n# only cert auth via ssh (console access can still login)\nssh_pwauth: false\ndisable_root: false\nchpasswd:\n  list: |\n     ubuntu:linux\n  expire: False\n  \n#run apt upgrade\npackage_update: true\npackage_upgrade: true\n\n# test of writing content\nwrite_files:\n  - content: |\n      The quick brown fox jumped \n      over the lazy dog\n    path: /root/test.txt\n\n# written to /var/log/cloud-init-output.log\nfinal_message: \"The system is finall up, after $UPTIME seconds\"\n",
            "template": "#cloud-config\n\nmanage_etc_hosts: true\nusers:\n  - name: emrah\n    sudo: ALL=(ALL) NOPASSWD:ALL\n    groups: users, admin\n    home: /home/ubuntu\n    shell: /bin/bash\n    lock_passwd: false\n    ssh-authorized-keys:\n      - ${file(\"/home/emrah/.ssh/id_rsa.pub\")}\n\n# only cert auth via ssh (console access can still login)\nssh_pwauth: false\ndisable_root: false\nchpasswd:\n  list: |\n     ubuntu:linux\n  expire: False\n  \n#run apt upgrade\npackage_update: true\npackage_upgrade: true\n\n# test of writing content\nwrite_files:\n  - content: |\n      The quick brown fox jumped \n      over the lazy dog\n    path: /root/test.txt\n\n# written to /var/log/cloud-init-output.log\nfinal_message: \"The system is finall up, after $UPTIME seconds\"\n",
            "vars": {
              "fqdn": "rke2worker2.lcw.dev",
              "hostname": "rke2worker2"
            }
          },
          "sensitive_attributes": []
        }
      ]
    },
    {
      "mode": "managed",
      "type": "libvirt_cloudinit_disk",
      "name": "commoninit",
      "provider": "provider[\"registry.terraform.io/dmacvicar/libvirt\"]",
      "instances": [
        {
          "index_key": 0,
          "schema_version": 0,
          "attributes": {
            "id": "/var/lib/libvirt/images/rke2lb-commoninit.iso;a7d21ce8-3745-4409-9af2-04b6d9c43863",
            "meta_data": "",
            "name": "rke2lb-commoninit.iso",
            "network_config": "version: 2\nethernets:\n  ens3:\n     dhcp4: true\n",
            "pool": "default",
            "user_data": "#cloud-config\n\nmanage_etc_hosts: true\nusers:\n  - name: emrah\n    sudo: ALL=(ALL) NOPASSWD:ALL\n    groups: users, admin\n    home: /home/ubuntu\n    shell: /bin/bash\n    lock_passwd: false\n    ssh-authorized-keys:\n      - ssh-rsa AAAAB3NzaC1yc2EAAAADAQABAAABgQDbIWuRpy7lc4Rh+9r2Zq2xshtaUtYUaf/aesMnz0EDy55/PUKRYew2ODfddX7d4xmrUS0UrwhexOyJ7Pm+s2wZWHpAFXTyTJgM3MKU+xbAp66+u0SrtnbvMZydrDmHCuchl2CkMU22fMmTS/8KUSDL0bA7y474Iq8POUBC9hWDCjJPN61yXnwdFfZkFaB0dRlucjLrj70HUvNe5fc1Tx/e5hBXq9583a6UJ8KfXjnMD1rPQj2amHkDWR72DdVhm595k15+Cr4s6KQEq8jtiD7x0+7CtVtAVJ7YH5vHtXWfoRuJ7B30WT4C1XjUe+ujjoj9NCTDBH2+zfKgPgjz3wp1JOdZDNwpiz8VePX33EF4qQVfBmR/VNb3BAR4bMyVIYIbziXJOyWi/1L1bPRP7AjFe0wWK2t9nToCf+GvDLLk2JxrH5bZVuOwUmMz1UXzeyou4HWQzCgTy6oo6fWd52WWarzrpVApOGLUC9MvG3503Sje5uwIVqav6ehyEj2iT68= emrah@emrah-TUF\n\n\n# only cert auth via ssh (console access can still login)\nssh_pwauth: false\ndisable_root: false\nchpasswd:\n  list: |\n     ubuntu:linux\n  expire: False\n  \n#run apt upgrade\npackage_update: true\npackage_upgrade: true\n\n# test of writing content\nwrite_files:\n  - content: |\n      The quick brown fox jumped \n      over the lazy dog\n    path: /root/test.txt\n\n# written to /var/log/cloud-init-output.log\nfinal_message: \"The system is finall up, after $UPTIME seconds\"\n"
          },
          "sensitive_attributes": [],
          "private": "bnVsbA==",
          "dependencies": [
            "data.template_file.network_config",
            "data.template_file.user_data"
          ]
        },
        {
          "index_key": 1,
          "schema_version": 0,
          "attributes": {
            "id": "/var/lib/libvirt/images/rke2master-commoninit.iso;f2be8094-9437-45e8-a7d6-afb96727e660",
            "meta_data": "",
            "name": "rke2master-commoninit.iso",
            "network_config": "version: 2\nethernets:\n  ens3:\n     dhcp4: true\n",
            "pool": "default",
            "user_data": "#cloud-config\n\nmanage_etc_hosts: true\nusers:\n  - name: emrah\n    sudo: ALL=(ALL) NOPASSWD:ALL\n    groups: users, admin\n    home: /home/ubuntu\n    shell: /bin/bash\n    lock_passwd: false\n    ssh-authorized-keys:\n      - ssh-rsa AAAAB3NzaC1yc2EAAAADAQABAAABgQDbIWuRpy7lc4Rh+9r2Zq2xshtaUtYUaf/aesMnz0EDy55/PUKRYew2ODfddX7d4xmrUS0UrwhexOyJ7Pm+s2wZWHpAFXTyTJgM3MKU+xbAp66+u0SrtnbvMZydrDmHCuchl2CkMU22fMmTS/8KUSDL0bA7y474Iq8POUBC9hWDCjJPN61yXnwdFfZkFaB0dRlucjLrj70HUvNe5fc1Tx/e5hBXq9583a6UJ8KfXjnMD1rPQj2amHkDWR72DdVhm595k15+Cr4s6KQEq8jtiD7x0+7CtVtAVJ7YH5vHtXWfoRuJ7B30WT4C1XjUe+ujjoj9NCTDBH2+zfKgPgjz3wp1JOdZDNwpiz8VePX33EF4qQVfBmR/VNb3BAR4bMyVIYIbziXJOyWi/1L1bPRP7AjFe0wWK2t9nToCf+GvDLLk2JxrH5bZVuOwUmMz1UXzeyou4HWQzCgTy6oo6fWd52WWarzrpVApOGLUC9MvG3503Sje5uwIVqav6ehyEj2iT68= emrah@emrah-TUF\n\n\n# only cert auth via ssh (console access can still login)\nssh_pwauth: false\ndisable_root: false\nchpasswd:\n  list: |\n     ubuntu:linux\n  expire: False\n  \n#run apt upgrade\npackage_update: true\npackage_upgrade: true\n\n# test of writing content\nwrite_files:\n  - content: |\n      The quick brown fox jumped \n      over the lazy dog\n    path: /root/test.txt\n\n# written to /var/log/cloud-init-output.log\nfinal_message: \"The system is finall up, after $UPTIME seconds\"\n"
          },
          "sensitive_attributes": [],
          "private": "bnVsbA==",
          "dependencies": [
            "data.template_file.network_config",
            "data.template_file.user_data"
          ]
        },
        {
          "index_key": 2,
          "schema_version": 0,
          "attributes": {
            "id": "/var/lib/libvirt/images/rke2worker1-commoninit.iso;7d247f96-c5d7-42ba-a760-c4363124b278",
            "meta_data": "",
            "name": "rke2worker1-commoninit.iso",
            "network_config": "version: 2\nethernets:\n  ens3:\n     dhcp4: true\n",
            "pool": "default",
            "user_data": "#cloud-config\n\nmanage_etc_hosts: true\nusers:\n  - name: emrah\n    sudo: ALL=(ALL) NOPASSWD:ALL\n    groups: users, admin\n    home: /home/ubuntu\n    shell: /bin/bash\n    lock_passwd: false\n    ssh-authorized-keys:\n      - ssh-rsa AAAAB3NzaC1yc2EAAAADAQABAAABgQDbIWuRpy7lc4Rh+9r2Zq2xshtaUtYUaf/aesMnz0EDy55/PUKRYew2ODfddX7d4xmrUS0UrwhexOyJ7Pm+s2wZWHpAFXTyTJgM3MKU+xbAp66+u0SrtnbvMZydrDmHCuchl2CkMU22fMmTS/8KUSDL0bA7y474Iq8POUBC9hWDCjJPN61yXnwdFfZkFaB0dRlucjLrj70HUvNe5fc1Tx/e5hBXq9583a6UJ8KfXjnMD1rPQj2amHkDWR72DdVhm595k15+Cr4s6KQEq8jtiD7x0+7CtVtAVJ7YH5vHtXWfoRuJ7B30WT4C1XjUe+ujjoj9NCTDBH2+zfKgPgjz3wp1JOdZDNwpiz8VePX33EF4qQVfBmR/VNb3BAR4bMyVIYIbziXJOyWi/1L1bPRP7AjFe0wWK2t9nToCf+GvDLLk2JxrH5bZVuOwUmMz1UXzeyou4HWQzCgTy6oo6fWd52WWarzrpVApOGLUC9MvG3503Sje5uwIVqav6ehyEj2iT68= emrah@emrah-TUF\n\n\n# only cert auth via ssh (console access can still login)\nssh_pwauth: false\ndisable_root: false\nchpasswd:\n  list: |\n     ubuntu:linux\n  expire: False\n  \n#run apt upgrade\npackage_update: true\npackage_upgrade: true\n\n# test of writing content\nwrite_files:\n  - content: |\n      The quick brown fox jumped \n      over the lazy dog\n    path: /root/test.txt\n\n# written to /var/log/cloud-init-output.log\nfinal_message: \"The system is finall up, after $UPTIME seconds\"\n"
          },
          "sensitive_attributes": [],
          "private": "bnVsbA==",
          "dependencies": [
            "data.template_file.network_config",
            "data.template_file.user_data"
          ]
        },
        {
          "index_key": 3,
          "schema_version": 0,
          "attributes": {
            "id": "/var/lib/libvirt/images/rke2worker2-commoninit.iso;0c55594e-f605-4cbd-8411-b10e3d10eaa4",
            "meta_data": "",
            "name": "rke2worker2-commoninit.iso",
            "network_config": "version: 2\nethernets:\n  ens3:\n     dhcp4: true\n",
            "pool": "default",
            "user_data": "#cloud-config\n\nmanage_etc_hosts: true\nusers:\n  - name: emrah\n    sudo: ALL=(ALL) NOPASSWD:ALL\n    groups: users, admin\n    home: /home/ubuntu\n    shell: /bin/bash\n    lock_passwd: false\n    ssh-authorized-keys:\n      - ssh-rsa AAAAB3NzaC1yc2EAAAADAQABAAABgQDbIWuRpy7lc4Rh+9r2Zq2xshtaUtYUaf/aesMnz0EDy55/PUKRYew2ODfddX7d4xmrUS0UrwhexOyJ7Pm+s2wZWHpAFXTyTJgM3MKU+xbAp66+u0SrtnbvMZydrDmHCuchl2CkMU22fMmTS/8KUSDL0bA7y474Iq8POUBC9hWDCjJPN61yXnwdFfZkFaB0dRlucjLrj70HUvNe5fc1Tx/e5hBXq9583a6UJ8KfXjnMD1rPQj2amHkDWR72DdVhm595k15+Cr4s6KQEq8jtiD7x0+7CtVtAVJ7YH5vHtXWfoRuJ7B30WT4C1XjUe+ujjoj9NCTDBH2+zfKgPgjz3wp1JOdZDNwpiz8VePX33EF4qQVfBmR/VNb3BAR4bMyVIYIbziXJOyWi/1L1bPRP7AjFe0wWK2t9nToCf+GvDLLk2JxrH5bZVuOwUmMz1UXzeyou4HWQzCgTy6oo6fWd52WWarzrpVApOGLUC9MvG3503Sje5uwIVqav6ehyEj2iT68= emrah@emrah-TUF\n\n\n# only cert auth via ssh (console access can still login)\nssh_pwauth: false\ndisable_root: false\nchpasswd:\n  list: |\n     ubuntu:linux\n  expire: False\n  \n#run apt upgrade\npackage_update: true\npackage_upgrade: true\n\n# test of writing content\nwrite_files:\n  - content: |\n      The quick brown fox jumped \n      over the lazy dog\n    path: /root/test.txt\n\n# written to /var/log/cloud-init-output.log\nfinal_message: \"The system is finall up, after $UPTIME seconds\"\n"
          },
          "sensitive_attributes": [],
          "private": "bnVsbA==",
          "dependencies": [
            "data.template_file.network_config",
            "data.template_file.user_data"
          ]
        }
      ]
    },
    {
      "mode": "managed",
      "type": "libvirt_domain",
      "name": "domain-ubuntu",
      "provider": "provider[\"registry.terraform.io/dmacvicar/libvirt\"]",
      "instances": [
        {
          "index_key": 0,
          "schema_version": 0,
          "attributes": {
            "arch": "x86_64",
            "autostart": null,
            "boot_device": [],
            "cloudinit": "/var/lib/libvirt/images/rke2lb-commoninit.iso;a7d21ce8-3745-4409-9af2-04b6d9c43863",
            "cmdline": null,
            "console": [
              {
                "source_host": "127.0.0.1",
                "source_path": "",
                "source_service": "0",
                "target_port": "0",
                "target_type": "serial",
                "type": "pty"
              }
            ],
            "coreos_ignition": null,
            "cpu": [],
            "description": "",
            "disk": [
              {
                "block_device": "",
                "file": "",
                "scsi": false,
                "url": "",
                "volume_id": "/var/lib/libvirt/images/os_image.rke2lb",
                "wwn": ""
              }
            ],
            "emulator": "/usr/bin/qemu-system-x86_64",
            "filesystem": [],
            "firmware": "",
            "fw_cfg_name": "opt/com.coreos/config",
            "graphics": [
              {
                "autoport": true,
                "listen_address": "127.0.0.1",
                "listen_type": "address",
                "type": "spice",
                "websocket": 0
              }
            ],
            "id": "24f2534f-14cb-4d28-84e9-246c2dc10dee",
            "initrd": "",
            "kernel": "",
            "machine": "ubuntu",
            "memory": 1024,
            "metadata": null,
            "name": "rke2lb",
            "network_interface": [
              {
                "addresses": [
                  "192.168.122.90"
                ],
                "bridge": "",
                "hostname": "rke2lb",
                "mac": "52:54:00:EE:03:53",
                "macvtap": "",
                "network_id": "2c80ef9c-c8b9-4671-acc9-e6cce6095d0a",
                "network_name": "default",
                "passthrough": "",
                "vepa": "",
                "wait_for_lease": true
              }
            ],
            "nvram": [],
            "qemu_agent": false,
            "running": true,
            "timeouts": null,
            "tpm": [],
            "vcpu": 1,
            "video": [],
            "xml": []
          },
          "sensitive_attributes": [],
          "private": "eyJlMmJmYjczMC1lY2FhLTExZTYtOGY4OC0zNDM2M2JjN2M0YzAiOnsiY3JlYXRlIjozMDAwMDAwMDAwMDB9fQ==",
          "dependencies": [
            "data.template_file.network_config",
            "data.template_file.user_data",
            "libvirt_cloudinit_disk.commoninit",
            "libvirt_volume.os_image"
          ]
        },
        {
          "index_key": 1,
          "schema_version": 0,
          "attributes": {
            "arch": "x86_64",
            "autostart": null,
            "boot_device": [],
            "cloudinit": "/var/lib/libvirt/images/rke2master-commoninit.iso;f2be8094-9437-45e8-a7d6-afb96727e660",
            "cmdline": null,
            "console": [
              {
                "source_host": "127.0.0.1",
                "source_path": "",
                "source_service": "0",
                "target_port": "0",
                "target_type": "serial",
                "type": "pty"
              }
            ],
            "coreos_ignition": null,
            "cpu": [],
            "description": "",
            "disk": [
              {
                "block_device": "",
                "file": "",
                "scsi": false,
                "url": "",
                "volume_id": "/var/lib/libvirt/images/os_image.rke2master",
                "wwn": ""
              }
            ],
            "emulator": "/usr/bin/qemu-system-x86_64",
            "filesystem": [],
            "firmware": "",
            "fw_cfg_name": "opt/com.coreos/config",
            "graphics": [
              {
                "autoport": true,
                "listen_address": "127.0.0.1",
                "listen_type": "address",
                "type": "spice",
                "websocket": 0
              }
            ],
            "id": "33dedbac-e0dc-4d8b-80ef-45be0042eb61",
            "initrd": "",
            "kernel": "",
            "machine": "ubuntu",
            "memory": 4096,
            "metadata": null,
            "name": "rke2master",
            "network_interface": [
              {
                "addresses": [
                  "192.168.122.91"
                ],
                "bridge": "",
                "hostname": "rke2master",
                "mac": "52:54:00:2E:2E:1E",
                "macvtap": "",
                "network_id": "2c80ef9c-c8b9-4671-acc9-e6cce6095d0a",
                "network_name": "default",
                "passthrough": "",
                "vepa": "",
                "wait_for_lease": true
              }
            ],
            "nvram": [],
            "qemu_agent": false,
            "running": true,
            "timeouts": null,
            "tpm": [],
            "vcpu": 3,
            "video": [],
            "xml": []
          },
          "sensitive_attributes": [],
          "private": "eyJlMmJmYjczMC1lY2FhLTExZTYtOGY4OC0zNDM2M2JjN2M0YzAiOnsiY3JlYXRlIjozMDAwMDAwMDAwMDB9fQ==",
          "dependencies": [
            "data.template_file.network_config",
            "data.template_file.user_data",
            "libvirt_cloudinit_disk.commoninit",
            "libvirt_volume.os_image"
          ]
        },
        {
          "index_key": 2,
          "schema_version": 0,
          "attributes": {
            "arch": "x86_64",
            "autostart": null,
            "boot_device": [],
            "cloudinit": "/var/lib/libvirt/images/rke2worker1-commoninit.iso;7d247f96-c5d7-42ba-a760-c4363124b278",
            "cmdline": null,
            "console": [
              {
                "source_host": "127.0.0.1",
                "source_path": "",
                "source_service": "0",
                "target_port": "0",
                "target_type": "serial",
                "type": "pty"
              }
            ],
            "coreos_ignition": null,
            "cpu": [],
            "description": "",
            "disk": [
              {
                "block_device": "",
                "file": "",
                "scsi": false,
                "url": "",
                "volume_id": "/var/lib/libvirt/images/os_image.rke2worker1",
                "wwn": ""
              }
            ],
            "emulator": "/usr/bin/qemu-system-x86_64",
            "filesystem": [],
            "firmware": "",
            "fw_cfg_name": "opt/com.coreos/config",
            "graphics": [
              {
                "autoport": true,
                "listen_address": "127.0.0.1",
                "listen_type": "address",
                "type": "spice",
                "websocket": 0
              }
            ],
            "id": "3065d02b-3e8f-4966-97e2-4cf885ba6d0b",
            "initrd": "",
            "kernel": "",
            "machine": "ubuntu",
            "memory": 4096,
            "metadata": null,
            "name": "rke2worker1",
            "network_interface": [
              {
                "addresses": [
                  "192.168.122.92"
                ],
                "bridge": "",
                "hostname": "rke2worker1",
                "mac": "52:54:00:76:74:84",
                "macvtap": "",
                "network_id": "2c80ef9c-c8b9-4671-acc9-e6cce6095d0a",
                "network_name": "default",
                "passthrough": "",
                "vepa": "",
                "wait_for_lease": true
              }
            ],
            "nvram": [],
            "qemu_agent": false,
            "running": true,
            "timeouts": null,
            "tpm": [],
            "vcpu": 3,
            "video": [],
            "xml": []
          },
          "sensitive_attributes": [],
          "private": "eyJlMmJmYjczMC1lY2FhLTExZTYtOGY4OC0zNDM2M2JjN2M0YzAiOnsiY3JlYXRlIjozMDAwMDAwMDAwMDB9fQ==",
          "dependencies": [
            "data.template_file.network_config",
            "data.template_file.user_data",
            "libvirt_cloudinit_disk.commoninit",
            "libvirt_volume.os_image"
          ]
        },
        {
          "index_key": 3,
          "schema_version": 0,
          "attributes": {
            "arch": "x86_64",
            "autostart": null,
            "boot_device": [],
            "cloudinit": "/var/lib/libvirt/images/rke2worker2-commoninit.iso;0c55594e-f605-4cbd-8411-b10e3d10eaa4",
            "cmdline": null,
            "console": [
              {
                "source_host": "127.0.0.1",
                "source_path": "",
                "source_service": "0",
                "target_port": "0",
                "target_type": "serial",
                "type": "pty"
              }
            ],
            "coreos_ignition": null,
            "cpu": [],
            "description": "",
            "disk": [
              {
                "block_device": "",
                "file": "",
                "scsi": false,
                "url": "",
                "volume_id": "/var/lib/libvirt/images/os_image.rke2worker2",
                "wwn": ""
              }
            ],
            "emulator": "/usr/bin/qemu-system-x86_64",
            "filesystem": [],
            "firmware": "",
            "fw_cfg_name": "opt/com.coreos/config",
            "graphics": [
              {
                "autoport": true,
                "listen_address": "127.0.0.1",
                "listen_type": "address",
                "type": "spice",
                "websocket": 0
              }
            ],
            "id": "566c23ba-726b-49e0-b9f7-8dd83c3bcd53",
            "initrd": "",
            "kernel": "",
            "machine": "ubuntu",
            "memory": 4096,
            "metadata": null,
            "name": "rke2worker2",
            "network_interface": [
              {
                "addresses": [
                  "192.168.122.93"
                ],
                "bridge": "",
                "hostname": "rke2worker2",
                "mac": "52:54:00:76:BA:1B",
                "macvtap": "",
                "network_id": "2c80ef9c-c8b9-4671-acc9-e6cce6095d0a",
                "network_name": "default",
                "passthrough": "",
                "vepa": "",
                "wait_for_lease": true
              }
            ],
            "nvram": [],
            "qemu_agent": false,
            "running": true,
            "timeouts": null,
            "tpm": [],
            "vcpu": 3,
            "video": [],
            "xml": []
          },
          "sensitive_attributes": [],
          "private": "eyJlMmJmYjczMC1lY2FhLTExZTYtOGY4OC0zNDM2M2JjN2M0YzAiOnsiY3JlYXRlIjozMDAwMDAwMDAwMDB9fQ==",
          "dependencies": [
            "data.template_file.network_config",
            "data.template_file.user_data",
            "libvirt_cloudinit_disk.commoninit",
            "libvirt_volume.os_image"
          ]
        }
      ]
    },
    {
      "mode": "managed",
      "type": "libvirt_volume",
      "name": "os_image",
      "provider": "provider[\"registry.terraform.io/dmacvicar/libvirt\"]",
      "instances": [
        {
          "index_key": 0,
          "schema_version": 0,
          "attributes": {
            "base_volume_id": null,
            "base_volume_name": null,
            "base_volume_pool": null,
            "format": "qcow2",
            "id": "/var/lib/libvirt/images/os_image.rke2lb",
            "name": "os_image.rke2lb",
            "pool": "default",
            "size": 23836229632,
            "source": "/home/emrah/images/cloud_images/focal-server-cloudimg-amd64-disk-kvm.img",
            "xml": []
          },
          "sensitive_attributes": [],
          "private": "bnVsbA=="
        },
        {
          "index_key": 1,
          "schema_version": 0,
          "attributes": {
            "base_volume_id": null,
            "base_volume_name": null,
            "base_volume_pool": null,
            "format": "qcow2",
            "id": "/var/lib/libvirt/images/os_image.rke2master",
            "name": "os_image.rke2master",
            "pool": "default",
            "size": 23836229632,
            "source": "/home/emrah/images/cloud_images/focal-server-cloudimg-amd64-disk-kvm.img",
            "xml": []
          },
          "sensitive_attributes": [],
          "private": "bnVsbA=="
        },
        {
          "index_key": 2,
          "schema_version": 0,
          "attributes": {
            "base_volume_id": null,
            "base_volume_name": null,
            "base_volume_pool": null,
            "format": "qcow2",
            "id": "/var/lib/libvirt/images/os_image.rke2worker1",
            "name": "os_image.rke2worker1",
            "pool": "default",
            "size": 23836229632,
            "source": "/home/emrah/images/cloud_images/focal-server-cloudimg-amd64-disk-kvm.img",
            "xml": []
          },
          "sensitive_attributes": [],
          "private": "bnVsbA=="
        },
        {
          "index_key": 3,
          "schema_version": 0,
          "attributes": {
            "base_volume_id": null,
            "base_volume_name": null,
            "base_volume_pool": null,
            "format": "qcow2",
            "id": "/var/lib/libvirt/images/os_image.rke2worker2",
            "name": "os_image.rke2worker2",
            "pool": "default",
            "size": 23836229632,
            "source": "/home/emrah/images/cloud_images/focal-server-cloudimg-amd64-disk-kvm.img",
            "xml": []
          },
          "sensitive_attributes": [],
          "private": "bnVsbA=="
        }
      ]
    }
  ]
}
